
Microsoft Visual Studio Solution File, Format Version 12.00
# Visual Studio Version 17
VisualStudioVersion = 17.3.32901.215
MinimumVisualStudioVersion = 10.0.40219.1
Project("{9A19103F-16F7-4668-BE54-9A1E7A4F7556}") = "WinFormsApi", "WinFormsApi\WinFormsApi.csproj", "{937344C4-585F-48EE-B3E7-6CDFE0858BFF}"
EndProject
Global
	GlobalSection(SolutionConfigurationPlatforms) = preSolution
		Debug|Any CPU = Debug|Any CPU
		Release|Any CPU = Release|Any CPU
	EndGlobalSection
	GlobalSection(ProjectConfigurationPlatforms) = postSolution
		{937344C4-585F-48EE-B3E7-6CDFE0858BFF}.Debug|Any CPU.ActiveCfg = Debug|Any CPU
		{937344C4-585F-48EE-B3E7-6CDFE0858BFF}.Debug|Any CPU.Build.0 = Debug|Any CPU
		{937344C4-585F-48EE-B3E7-6CDFE0858BFF}.Release|Any CPU.ActiveCfg = Release|Any CPU
		{937344C4-585F-48EE-B3E7-6CDFE0858BFF}.Release|Any CPU.Build.0 = Release|Any CPU
	EndGlobalSection
	GlobalSection(SolutionProperties) = preSolution
		HideSolutionNode = FALSE
	EndGlobalSection
	GlobalSection(ExtensibilityGlobals) = postSolution
		SolutionGuid = {F05F6923-DA3A-4069-A37F-DF7CD5D93693}
	EndGlobalSection
EndGlobal
